
Microsoft Visual Studio Solution File, Format Version 12.00
# Visual Studio Version 17
VisualStudioVersion = 17.11.35219.272
MinimumVisualStudioVersion = 10.0.40219.1
Project("{FAE04EC0-301F-11D3-BF4B-00C04F79EFBC}") = "01_MainSubjects", "01_MainSubjects\01_MainSubjects.csproj", "{EE2C947C-8871-4470-84B9-8537AEB54E3B}"
EndProject
Project("{FAE04EC0-301F-11D3-BF4B-00C04F79EFBC}") = "02_Variables", "02_Variables\02_Variables.csproj", "{91A365BE-96C2-4A37-B9CF-FF21489A08F6}"
EndProject
Project("{FAE04EC0-301F-11D3-BF4B-00C04F79EFBC}") = "03_MakingDecision", "03_MakingDecision\03_MakingDecision.csproj", "{7982B81D-E6EC-4E70-8722-7D3EB61DD356}"
EndProject
Project("{FAE04EC0-301F-11D3-BF4B-00C04F79EFBC}") = "04_Loops", "04_Loops\04_Loops.csproj", "{C41D429C-FC21-4051-946C-192632F1E5A5}"
EndProject
Project("{FAE04EC0-301F-11D3-BF4B-00C04F79EFBC}") = "05_LoopsWithStars", "05_LoopsWithStars\05_LoopsWithStars.csproj", "{3BD9CFC8-D426-4F65-BB98-05CFA2E65E17}"
EndProject
Project("{FAE04EC0-301F-11D3-BF4B-00C04F79EFBC}") = "06_Arrays", "06_Arrays\06_Arrays.csproj", "{1C91A487-7B10-4A40-B6DE-7DA2919F3FED}"
EndProject
Project("{FAE04EC0-301F-11D3-BF4B-00C04F79EFBC}") = "07_ForeachLoop", "07_ForeachLoop\07_ForeachLoop.csproj", "{FF85ED68-C142-497E-90D6-C0831B3E080B}"
EndProject
Project("{FAE04EC0-301F-11D3-BF4B-00C04F79EFBC}") = "08_Methods", "08_Methods\08_Methods.csproj", "{8F67D30B-2E61-432B-9B5F-523B61C42238}"
EndProject
Global
	GlobalSection(SolutionConfigurationPlatforms) = preSolution
		Debug|Any CPU = Debug|Any CPU
		Release|Any CPU = Release|Any CPU
	EndGlobalSection
	GlobalSection(ProjectConfigurationPlatforms) = postSolution
		{EE2C947C-8871-4470-84B9-8537AEB54E3B}.Debug|Any CPU.ActiveCfg = Debug|Any CPU
		{EE2C947C-8871-4470-84B9-8537AEB54E3B}.Debug|Any CPU.Build.0 = Debug|Any CPU
		{EE2C947C-8871-4470-84B9-8537AEB54E3B}.Release|Any CPU.ActiveCfg = Release|Any CPU
		{EE2C947C-8871-4470-84B9-8537AEB54E3B}.Release|Any CPU.Build.0 = Release|Any CPU
		{91A365BE-96C2-4A37-B9CF-FF21489A08F6}.Debug|Any CPU.ActiveCfg = Debug|Any CPU
		{91A365BE-96C2-4A37-B9CF-FF21489A08F6}.Debug|Any CPU.Build.0 = Debug|Any CPU
		{91A365BE-96C2-4A37-B9CF-FF21489A08F6}.Release|Any CPU.ActiveCfg = Release|Any CPU
		{91A365BE-96C2-4A37-B9CF-FF21489A08F6}.Release|Any CPU.Build.0 = Release|Any CPU
		{7982B81D-E6EC-4E70-8722-7D3EB61DD356}.Debug|Any CPU.ActiveCfg = Debug|Any CPU
		{7982B81D-E6EC-4E70-8722-7D3EB61DD356}.Debug|Any CPU.Build.0 = Debug|Any CPU
		{7982B81D-E6EC-4E70-8722-7D3EB61DD356}.Release|Any CPU.ActiveCfg = Release|Any CPU
		{7982B81D-E6EC-4E70-8722-7D3EB61DD356}.Release|Any CPU.Build.0 = Release|Any CPU
		{C41D429C-FC21-4051-946C-192632F1E5A5}.Debug|Any CPU.ActiveCfg = Debug|Any CPU
		{C41D429C-FC21-4051-946C-192632F1E5A5}.Debug|Any CPU.Build.0 = Debug|Any CPU
		{C41D429C-FC21-4051-946C-192632F1E5A5}.Release|Any CPU.ActiveCfg = Release|Any CPU
		{C41D429C-FC21-4051-946C-192632F1E5A5}.Release|Any CPU.Build.0 = Release|Any CPU
		{3BD9CFC8-D426-4F65-BB98-05CFA2E65E17}.Debug|Any CPU.ActiveCfg = Debug|Any CPU
		{3BD9CFC8-D426-4F65-BB98-05CFA2E65E17}.Debug|Any CPU.Build.0 = Debug|Any CPU
		{3BD9CFC8-D426-4F65-BB98-05CFA2E65E17}.Release|Any CPU.ActiveCfg = Release|Any CPU
		{3BD9CFC8-D426-4F65-BB98-05CFA2E65E17}.Release|Any CPU.Build.0 = Release|Any CPU
		{1C91A487-7B10-4A40-B6DE-7DA2919F3FED}.Debug|Any CPU.ActiveCfg = Debug|Any CPU
		{1C91A487-7B10-4A40-B6DE-7DA2919F3FED}.Debug|Any CPU.Build.0 = Debug|Any CPU
		{1C91A487-7B10-4A40-B6DE-7DA2919F3FED}.Release|Any CPU.ActiveCfg = Release|Any CPU
		{1C91A487-7B10-4A40-B6DE-7DA2919F3FED}.Release|Any CPU.Build.0 = Release|Any CPU
		{FF85ED68-C142-497E-90D6-C0831B3E080B}.Debug|Any CPU.ActiveCfg = Debug|Any CPU
		{FF85ED68-C142-497E-90D6-C0831B3E080B}.Debug|Any CPU.Build.0 = Debug|Any CPU
		{FF85ED68-C142-497E-90D6-C0831B3E080B}.Release|Any CPU.ActiveCfg = Release|Any CPU
		{FF85ED68-C142-497E-90D6-C0831B3E080B}.Release|Any CPU.Build.0 = Release|Any CPU
		{8F67D30B-2E61-432B-9B5F-523B61C42238}.Debug|Any CPU.ActiveCfg = Debug|Any CPU
		{8F67D30B-2E61-432B-9B5F-523B61C42238}.Debug|Any CPU.Build.0 = Debug|Any CPU
		{8F67D30B-2E61-432B-9B5F-523B61C42238}.Release|Any CPU.ActiveCfg = Release|Any CPU
		{8F67D30B-2E61-432B-9B5F-523B61C42238}.Release|Any CPU.Build.0 = Release|Any CPU
	EndGlobalSection
	GlobalSection(SolutionProperties) = preSolution
		HideSolutionNode = FALSE
	EndGlobalSection
	GlobalSection(ExtensibilityGlobals) = postSolution
		SolutionGuid = {C1035467-FF75-4D6B-99E4-6706B34EABFE}
	EndGlobalSection
EndGlobal
